<?xml version="1.0" encoding="utf-8"?>
<Project ToolsVersion="4.0" xmlns="http://schemas.microsoft.com/developer/msbuild/2003">
  <ItemGroup>
    <Filter Include="ソース ファイル">
      <UniqueIdentifier>{4FC737F1-C7A5-4376-A066-2A32D752A2FF}</UniqueIdentifier>
      <Extensions>cpp;c;cc;cxx;def;odl;idl;hpj;bat;asm;asmx</Extensions>
    </Filter>
    <Filter Include="ヘッダー ファイル">
      <UniqueIdentifier>{93995380-89BD-4b04-88EB-625FBE52EBFB}</UniqueIdentifier>
      <Extensions>h;hh;hpp;hxx;hm;inl;inc;ipp;xsd</Extensions>
    </Filter>
    <Filter Include="リソース ファイル">
      <UniqueIdentifier>{67DA6AB6-F800-4c08-8B7A-83BB121AAD01}</UniqueIdentifier>
      <Extensions>rc;ico;cur;bmp;dlg;rc2;rct;bin;rgs;gif;jpg;jpeg;jpe;resx;tiff;tif;png;wav;mfcribbon-ms</Extensions>
    </Filter>
    <Filter Include="ヘッダー ファイル\GameFramework">
      <UniqueIdentifier>{d30d0ead-7f43-42f2-b80f-0ac990f4b7fd}</UniqueIdentifier>
    </Filter>
    <Filter Include="ヘッダー ファイル\GameObjects">
      <UniqueIdentifier>{757ee44b-8ed9-4800-a984-9e0fc5b5f7e7}</UniqueIdentifier>
    </Filter>
    <Filter Include="ヘッダー ファイル\Scene">
      <UniqueIdentifier>{9ba6fdfd-2898-44d3-97e5-ec3a21fd89ef}</UniqueIdentifier>
    </Filter>
    <Filter Include="ヘッダー ファイル\main">
      <UniqueIdentifier>{37cb8d55-e799-403b-995a-78014f1a5c44}</UniqueIdentifier>
    </Filter>
    <Filter Include="ソース ファイル\GameFramework">
      <UniqueIdentifier>{cba9e635-9732-4a63-81c7-3f1d784afcc1}</UniqueIdentifier>
    </Filter>
    <Filter Include="ソース ファイル\GameObjects">
      <UniqueIdentifier>{f568437a-e390-4bc5-82ba-f4fd48502b35}</UniqueIdentifier>
    </Filter>
    <Filter Include="ソース ファイル\main">
      <UniqueIdentifier>{8b1197fb-ca6e-4cde-a461-95301f831973}</UniqueIdentifier>
    </Filter>
    <Filter Include="ソース ファイル\Scene">
      <UniqueIdentifier>{855e34e3-292f-4222-8916-39d6815024ee}</UniqueIdentifier>
    </Filter>
    <Filter Include="ヘッダー ファイル\GameObjects\GO_SS">
      <UniqueIdentifier>{75a18f92-dc4d-4d07-92ce-576995716c13}</UniqueIdentifier>
    </Filter>
    <Filter Include="ソース ファイル\GameObjects\GO_SS">
      <UniqueIdentifier>{0de75e5b-a027-4e56-b1c8-40d3a23b8623}</UniqueIdentifier>
    </Filter>
    <Filter Include="ヘッダー ファイル\GameObjects\GO_SS\TimeDelay">
      <UniqueIdentifier>{240caae2-6ec2-463d-a645-7c54decd3a51}</UniqueIdentifier>
    </Filter>
    <Filter Include="ソース ファイル\SelectStage">
      <UniqueIdentifier>{3b3b8ef0-4d27-4df3-8cc3-a62c1b99a9a2}</UniqueIdentifier>
    </Filter>
    <Filter Include="ヘッダー ファイル\SelectStage">
      <UniqueIdentifier>{83306b45-e574-41cf-8f99-4ed61184061b}</UniqueIdentifier>
    </Filter>
    <Filter Include="ヘッダー ファイル\Effect">
      <UniqueIdentifier>{7d86b752-4a12-4d59-a35d-5f0ca3e812c2}</UniqueIdentifier>
    </Filter>
    <Filter Include="ソース ファイル\GameObjects\GO_">
      <UniqueIdentifier>{56456865-c655-42da-9e8c-9a7f39f27288}</UniqueIdentifier>
    </Filter>
    <Filter Include="ソース ファイル\Effect">
      <UniqueIdentifier>{fb693646-463c-4fb1-bd97-9c8e25a219d9}</UniqueIdentifier>
    </Filter>
    <Filter Include="ソース ファイル\GameObjects\TimeDelay">
      <UniqueIdentifier>{a9dce69b-8ddf-4bfa-a992-4847a9fb28c7}</UniqueIdentifier>
    </Filter>
    <Filter Include="ヘッダー ファイル\GameObjects\GO_">
      <UniqueIdentifier>{40910256-3209-430c-8523-5d0cadae30b1}</UniqueIdentifier>
    </Filter>
    <Filter Include="ヘッダー ファイル\GameObjects\GO_SS\納豆">
      <UniqueIdentifier>{ebfd25cb-b89e-458f-9e2c-b86cca92f53e}</UniqueIdentifier>
    </Filter>
    <Filter Include="ソース ファイル\GameObjects\Natto">
      <UniqueIdentifier>{50740bb4-c5d0-4acd-acfe-89cf73a42fb4}</UniqueIdentifier>
    </Filter>
    <Filter Include="ヘッダー ファイル\GameObjects\GO_SS\Item">
      <UniqueIdentifier>{a141f24d-44ac-4153-966c-53fb9fe6c76a}</UniqueIdentifier>
    </Filter>
    <Filter Include="ソース ファイル\GameObjects\Item">
      <UniqueIdentifier>{4340d8dc-5fba-4eae-98f0-f261c472ef53}</UniqueIdentifier>
    </Filter>
    <Filter Include="ソース ファイル\GameObjects\Map">
      <UniqueIdentifier>{67748e3f-2ef9-4b78-b37b-af84911904de}</UniqueIdentifier>
    </Filter>
    <Filter Include="ヘッダー ファイル\GameObjects\GO_SS\Map">
      <UniqueIdentifier>{44e1f52e-1f46-4d89-b03d-54a46d5f11fa}</UniqueIdentifier>
    </Filter>
  </ItemGroup>
  <ItemGroup>
    <ClCompile Include="result.cpp">
      <Filter>ソース ファイル\Scene</Filter>
    </ClCompile>
    <ClCompile Include="renderer.cpp">
      <Filter>ソース ファイル\main</Filter>
    </ClCompile>
    <ClCompile Include="fade.cpp">
      <Filter>ソース ファイル\main</Filter>
    </ClCompile>
    <ClCompile Include="game.cpp">
      <Filter>ソース ファイル\Scene</Filter>
    </ClCompile>
    <ClCompile Include="GameFramework.cpp">
      <Filter>ソース ファイル\GameFramework</Filter>
    </ClCompile>
    <ClCompile Include="input.cpp">
      <Filter>ソース ファイル\main</Filter>
    </ClCompile>
    <ClCompile Include="main.cpp">
      <Filter>ソース ファイル\main</Filter>
    </ClCompile>
    <ClCompile Include="scene.cpp">
      <Filter>ソース ファイル\Scene</Filter>
    </ClCompile>
    <ClCompile Include="sprite.cpp">
      <Filter>ソース ファイル\main</Filter>
    </ClCompile>
    <ClCompile Include="Texture.cpp">
      <Filter>ソース ファイル\main</Filter>
    </ClCompile>
    <ClCompile Include="title.cpp">
      <Filter>ソース ファイル\Scene</Filter>
    </ClCompile>
    <ClCompile Include="test.cpp">
      <Filter>ソース ファイル\GameFramework</Filter>
    </ClCompile>
    <ClCompile Include="GO_SS_Manager.cpp">
      <Filter>ソース ファイル\GameObjects\GO_SS</Filter>
    </ClCompile>
    <ClCompile Include="GO_SS_Target.cpp">
      <Filter>ソース ファイル\GameObjects\GO_SS</Filter>
    </ClCompile>
    <ClCompile Include="gameOver.cpp">
      <Filter>ソース ファイル\Scene</Filter>
    </ClCompile>
    <ClCompile Include="GO_SS_Collision.cpp">
      <Filter>ソース ファイル\GameObjects\GO_SS</Filter>
    </ClCompile>
    <ClCompile Include="GO_SS_Player.cpp">
      <Filter>ソース ファイル\GameObjects\TimeDelay</Filter>
    </ClCompile>
    <ClCompile Include="GO_SS_ShotString.cpp">
      <Filter>ソース ファイル\GameObjects\TimeDelay</Filter>
    </ClCompile>
    <ClCompile Include="GO_SS_Wall.cpp">
      <Filter>ソース ファイル\GameObjects\TimeDelay</Filter>
    </ClCompile>
    <ClCompile Include="GO_SS_Scramble.cpp">
      <Filter>ソース ファイル\GameObjects\TimeDelay</Filter>
    </ClCompile>
    <ClCompile Include="GO_SS_BackGround.cpp">
      <Filter>ソース ファイル\GameObjects\GO_SS</Filter>
    </ClCompile>
    <ClCompile Include="GO_SS_Goal.cpp">
      <Filter>ソース ファイル\GameObjects\GO_SS</Filter>
    </ClCompile>
    <ClCompile Include="GO_SS_Timer.cpp">
      <Filter>ソース ファイル\GameObjects\TimeDelay</Filter>
    </ClCompile>
    <ClCompile Include="SelectStage.cpp">
      <Filter>ソース ファイル\SelectStage</Filter>
    </ClCompile>
    <ClCompile Include="GO_Bungee.cpp">
      <Filter>ソース ファイル\GameObjects\GO_</Filter>
    </ClCompile>
    <ClCompile Include="GO_Fall.cpp">
      <Filter>ソース ファイル\GameObjects\GO_</Filter>
    </ClCompile>
    <ClCompile Include="GO_Natto.cpp">
      <Filter>ソース ファイル\GameObjects\GO_</Filter>
    </ClCompile>
    <ClCompile Include="GO_Player.cpp">
      <Filter>ソース ファイル\GameObjects\GO_</Filter>
    </ClCompile>
    <ClCompile Include="GO_Scramble.cpp">
      <Filter>ソース ファイル\GameObjects\GO_</Filter>
    </ClCompile>
    <ClCompile Include="GO_ScrambleRotation.cpp">
      <Filter>ソース ファイル\GameObjects\GO_</Filter>
    </ClCompile>
    <ClCompile Include="GO_Throw.cpp">
      <Filter>ソース ファイル\GameObjects\GO_</Filter>
    </ClCompile>
    <ClCompile Include="GO_Timer.cpp">
      <Filter>ソース ファイル\GameObjects\GO_</Filter>
    </ClCompile>
    <ClCompile Include="GO_SS_Effect_Wind.cpp">
      <Filter>ソース ファイル\Effect</Filter>
    </ClCompile>
    <ClCompile Include="E_Prizum.cpp">
      <Filter>ソース ファイル\Effect</Filter>
    </ClCompile>
    <ClCompile Include="Spotlight.cpp">
      <Filter>ソース ファイル\SelectStage</Filter>
    </ClCompile>
    <ClCompile Include="StageObject_001.cpp">
      <Filter>ソース ファイル\SelectStage</Filter>
    </ClCompile>
    <ClCompile Include="StageObject_002.cpp">
      <Filter>ソース ファイル\SelectStage</Filter>
    </ClCompile>
    <ClCompile Include="StageObject_003.cpp">
      <Filter>ソース ファイル\SelectStage</Filter>
    </ClCompile>
    <ClCompile Include="GO_SS_Fan.cpp">
      <Filter>ソース ファイル\GameObjects\GO_SS</Filter>
    </ClCompile>
    <ClCompile Include="GO_SS_ZipLine.cpp">
      <Filter>ソース ファイル\GameObjects\GO_SS</Filter>
    </ClCompile>
    <ClCompile Include="GO_SS_Movement.cpp">
      <Filter>ソース ファイル\GameObjects\GO_SS</Filter>
    </ClCompile>
    <ClCompile Include="GO_SS_Fan.cpp">
      <Filter>ソース ファイル\GameObjects\GO_SS</Filter>
    </ClCompile>
    <ClCompile Include="Tutorial.cpp">
      <Filter>ソース ファイル\Scene</Filter>
    </ClCompile>
    <ClCompile Include="StageObject_GoBack.cpp">
      <Filter>ソース ファイル\SelectStage</Filter>
    </ClCompile>
    <ClCompile Include="StageObject_Tutorial.cpp">
      <Filter>ソース ファイル\SelectStage</Filter>
    </ClCompile>
    <ClCompile Include="StageObjectArrowKey.cpp">
      <Filter>ソース ファイル\SelectStage</Filter>
    </ClCompile>
    <ClCompile Include="sound.cpp">
      <Filter>ソース ファイル\main</Filter>
    </ClCompile>
    <ClCompile Include="NRO_Natto.cpp">
      <Filter>ソース ファイル\GameObjects\Natto</Filter>
    </ClCompile>
    <ClCompile Include="NattoRotateObject.cpp">
      <Filter>ソース ファイル\GameObjects\Natto</Filter>
    </ClCompile>
    <ClCompile Include="GO_SS_NattoRotate.cpp">
      <Filter>ソース ファイル\GameObjects\Natto</Filter>
    </ClCompile>
    <ClCompile Include="credit.cpp">
      <Filter>ソース ファイル\Scene</Filter>
    </ClCompile>
    <ClCompile Include="E_AddTime.cpp">
      <Filter>ソース ファイル\Effect</Filter>
    </ClCompile>
    <ClCompile Include="E_Circle.cpp">
      <Filter>ソース ファイル\Effect</Filter>
    </ClCompile>
    <ClCompile Include="Effect_Vertex.cpp">
      <Filter>ソース ファイル\Effect</Filter>
    </ClCompile>
    <ClCompile Include="EV_GetItem.cpp">
      <Filter>ソース ファイル\Effect</Filter>
    </ClCompile>
    <ClCompile Include="GO_SS_Negi.cpp">
      <Filter>ソース ファイル\GameObjects\Item</Filter>
    </ClCompile>
    <ClCompile Include="GO_SS_KitchenTimer.cpp">
      <Filter>ソース ファイル\GameObjects\Item</Filter>
    </ClCompile>
    <ClCompile Include="GO_SS_TimeDelay.cpp">
      <Filter>ソース ファイル\GameObjects\TimeDelay</Filter>
    </ClCompile>
    <ClCompile Include="GO_SS_Map.cpp">
      <Filter>ソース ファイル\GameObjects\Map</Filter>
    </ClCompile>
    <ClCompile Include="GO_SS_FileLoad.cpp">
      <Filter>ソース ファイル\GameObjects\Map</Filter>
    </ClCompile>
    <ClCompile Include="GO_SS_Karashi.cpp">
      <Filter>ソース ファイル\GameObjects\Item</Filter>
    </ClCompile>
    <ClCompile Include="E_SpeedUp.cpp">
      <Filter>ソース ファイル</Filter>
    </ClCompile>
  </ItemGroup>
  <ItemGroup>
    <ClInclude Include="game.h">
      <Filter>ヘッダー ファイル\Scene</Filter>
    </ClInclude>
    <ClInclude Include="GameFramework.h">
      <Filter>ヘッダー ファイル\GameFramework</Filter>
    </ClInclude>
    <ClInclude Include="scene.h">
      <Filter>ヘッダー ファイル\Scene</Filter>
    </ClInclude>
    <ClInclude Include="result.h">
      <Filter>ヘッダー ファイル\Scene</Filter>
    </ClInclude>
    <ClInclude Include="title.h">
      <Filter>ヘッダー ファイル\Scene</Filter>
    </ClInclude>
    <ClInclude Include="main.h">
      <Filter>ヘッダー ファイル\main</Filter>
    </ClInclude>
    <ClInclude Include="fade.h">
      <Filter>ヘッダー ファイル\main</Filter>
    </ClInclude>
    <ClInclude Include="input.h">
      <Filter>ヘッダー ファイル\main</Filter>
    </ClInclude>
    <ClInclude Include="renderer.h">
      <Filter>ヘッダー ファイル\main</Filter>
    </ClInclude>
    <ClInclude Include="sprite.h">
      <Filter>ヘッダー ファイル\main</Filter>
    </ClInclude>
    <ClInclude Include="Texture.h">
      <Filter>ヘッダー ファイル\main</Filter>
    </ClInclude>
    <ClInclude Include="VertexParameter.h">
      <Filter>ヘッダー ファイル\main</Filter>
    </ClInclude>
    <ClInclude Include="GameScene.h">
      <Filter>ヘッダー ファイル\Scene</Filter>
    </ClInclude>
    <ClInclude Include="GO_SS_Manager.h">
      <Filter>ヘッダー ファイル\GameObjects\GO_SS</Filter>
    </ClInclude>
    <ClInclude Include="GO_SS_Wall.h">
      <Filter>ヘッダー ファイル\GameObjects\GO_SS</Filter>
    </ClInclude>
    <ClInclude Include="GO_SS_ShotString.h">
      <Filter>ヘッダー ファイル\GameObjects\GO_SS</Filter>
    </ClInclude>
    <ClInclude Include="gameOver.h">
      <Filter>ヘッダー ファイル\Scene</Filter>
    </ClInclude>
    <ClInclude Include="GO_SS_Collision.h">
      <Filter>ヘッダー ファイル\GameObjects\GO_SS</Filter>
    </ClInclude>
    <ClInclude Include="GO_SS_Scramble.h">
      <Filter>ヘッダー ファイル\GameObjects\GO_SS</Filter>
    </ClInclude>
    <ClInclude Include="GO_SS_Goal.h">
      <Filter>ヘッダー ファイル\GameObjects\GO_SS</Filter>
    </ClInclude>
    <ClInclude Include="GO_SS_Movement.h">
      <Filter>ヘッダー ファイル\GameObjects\GO_SS\TimeDelay</Filter>
    </ClInclude>
    <ClInclude Include="GO_SS_Player.h">
      <Filter>ヘッダー ファイル\GameObjects\GO_SS\TimeDelay</Filter>
    </ClInclude>
    <ClInclude Include="GO_SS_Timer.h">
      <Filter>ヘッダー ファイル\GameObjects\GO_SS\TimeDelay</Filter>
    </ClInclude>
    <ClInclude Include="GO_SS_Target.h">
      <Filter>ヘッダー ファイル\GameObjects\GO_SS\TimeDelay</Filter>
    </ClInclude>
    <ClInclude Include="GO_SS_BackGround.h">
      <Filter>ヘッダー ファイル\GameObjects\GO_SS</Filter>
    </ClInclude>
    <ClInclude Include="E_Prizum.h">
      <Filter>ヘッダー ファイル\Effect</Filter>
    </ClInclude>
    <ClInclude Include="Effect.h">
      <Filter>ヘッダー ファイル\Effect</Filter>
    </ClInclude>
    <ClInclude Include="EffectFactory.h">
      <Filter>ヘッダー ファイル\Effect</Filter>
    </ClInclude>
    <ClInclude Include="GO_SS_Effect_Wind.h">
      <Filter>ヘッダー ファイル\Effect</Filter>
    </ClInclude>
    <ClInclude Include="GO_SS_TimeDelay.h">
      <Filter>ヘッダー ファイル\GameObjects\GO_SS</Filter>
    </ClInclude>
    <ClInclude Include="GameObject.h">
      <Filter>ヘッダー ファイル\GameObjects\GO_</Filter>
    </ClInclude>
    <ClInclude Include="GO_Bungee.h">
      <Filter>ヘッダー ファイル\GameObjects\GO_</Filter>
    </ClInclude>
    <ClInclude Include="GO_Fall.h">
      <Filter>ヘッダー ファイル\GameObjects\GO_</Filter>
    </ClInclude>
    <ClInclude Include="GO_Natto.h">
      <Filter>ヘッダー ファイル\GameObjects\GO_</Filter>
    </ClInclude>
    <ClInclude Include="GO_Player.h">
      <Filter>ヘッダー ファイル\GameObjects\GO_</Filter>
    </ClInclude>
    <ClInclude Include="GO_Scramble.h">
      <Filter>ヘッダー ファイル\GameObjects\GO_</Filter>
    </ClInclude>
    <ClInclude Include="GO_ScrambleRotation.h">
      <Filter>ヘッダー ファイル\GameObjects\GO_</Filter>
    </ClInclude>
    <ClInclude Include="GO_Throw.h">
      <Filter>ヘッダー ファイル\GameObjects\GO_</Filter>
    </ClInclude>
    <ClInclude Include="GO_Timer.h">
      <Filter>ヘッダー ファイル\GameObjects\GO_</Filter>
    </ClInclude>
    <ClInclude Include="GO_SS_Fan.h">
      <Filter>ヘッダー ファイル\GameObjects\GO_SS</Filter>
    </ClInclude>
    <ClInclude Include="GO_SS_ZipLine.h">
      <Filter>ヘッダー ファイル\GameObjects\GO_SS</Filter>
    </ClInclude>
    <ClInclude Include="SelectStage.h">
      <Filter>ヘッダー ファイル\SelectStage</Filter>
    </ClInclude>
    <ClInclude Include="Spotlight.h">
      <Filter>ヘッダー ファイル\SelectStage</Filter>
    </ClInclude>
    <ClInclude Include="StageObectFactory.h">
      <Filter>ヘッダー ファイル\SelectStage</Filter>
    </ClInclude>
    <ClInclude Include="StageObject.h">
      <Filter>ヘッダー ファイル\SelectStage</Filter>
    </ClInclude>
    <ClInclude Include="StageObject_001.h">
      <Filter>ヘッダー ファイル\SelectStage</Filter>
    </ClInclude>
    <ClInclude Include="StageObject_002.h">
      <Filter>ヘッダー ファイル\SelectStage</Filter>
    </ClInclude>
    <ClInclude Include="StageObject_003.h">
      <Filter>ヘッダー ファイル\SelectStage</Filter>
    </ClInclude>
    <ClInclude Include="StageObjectArrowKey.h">
      <Filter>ヘッダー ファイル\SelectStage</Filter>
    </ClInclude>
    <ClInclude Include="GO_SS_NattoRotate.h">
      <Filter>ヘッダー ファイル\GameObjects\GO_SS\納豆</Filter>
    </ClInclude>
    <ClInclude Include="NattoRotateObject.h">
      <Filter>ヘッダー ファイル\GameObjects\GO_SS\納豆</Filter>
    </ClInclude>
    <ClInclude Include="GO_SS_Fan.h">
      <Filter>ヘッダー ファイル</Filter>
    </ClInclude>
    <ClInclude Include="resource.h">
      <Filter>ヘッダー ファイル</Filter>
    </ClInclude>
    <ClInclude Include="NRO_Natto.h">
      <Filter>ヘッダー ファイル\GameObjects\GO_SS\納豆</Filter>
    </ClInclude>
    <ClInclude Include="StageObject_GoBack.h">
      <Filter>ヘッダー ファイル\SelectStage</Filter>
    </ClInclude>
    <ClInclude Include="StageObject_Tutorial.h">
      <Filter>ヘッダー ファイル\SelectStage</Filter>
    </ClInclude>
    <ClInclude Include="Tutorial.h">
      <Filter>ヘッダー ファイル\Scene</Filter>
    </ClInclude>
    <ClInclude Include="sound.h">
      <Filter>ヘッダー ファイル\main</Filter>
    </ClInclude>
    <ClInclude Include="E_AddTime.h">
      <Filter>ヘッダー ファイル</Filter>
    </ClInclude>
    <ClInclude Include="E_Circle.h">
      <Filter>ヘッダー ファイル</Filter>
    </ClInclude>
    <ClInclude Include="Effect_Vertex.h">
      <Filter>ヘッダー ファイル\Effect</Filter>
    </ClInclude>
    <ClInclude Include="EV_GetItem.h">
      <Filter>ヘッダー ファイル</Filter>
    </ClInclude>
    <ClInclude Include="credit.h">
      <Filter>ヘッダー ファイル\main</Filter>
    </ClInclude>
    <ClInclude Include="GO_SS_KitchenTimer.h">
      <Filter>ヘッダー ファイル\GameObjects\GO_SS\Item</Filter>
    </ClInclude>
    <ClInclude Include="GO_SS_Negi.h">
      <Filter>ヘッダー ファイル\GameObjects\GO_SS\Item</Filter>
    </ClInclude>
    <ClInclude Include="GO_SS_Map.h">
      <Filter>ヘッダー ファイル\GameObjects\GO_SS\Map</Filter>
    </ClInclude>
    <ClInclude Include="GO_SS_FileLoad.h">
      <Filter>ヘッダー ファイル\GameObjects\GO_SS\Map</Filter>
    </ClInclude>
    <ClInclude Include="GO_SS_Karashi.h">
      <Filter>ヘッダー ファイル\GameObjects\GO_SS\Item</Filter>
    </ClInclude>
    <ClInclude Include="E_SpeedUp.h">
      <Filter>ヘッダー ファイル</Filter>
    </ClInclude>
  </ItemGroup>
  <ItemGroup>
    <ResourceCompile Include="sample.rc">
      <Filter>リソース ファイル</Filter>
    </ResourceCompile>
  </ItemGroup>
</Project>